
Microsoft Visual Studio Solution File, Format Version 12.00
# Visual Studio Version 17
VisualStudioVersion = 17.4.33110.190
MinimumVisualStudioVersion = 10.0.40219.1
Project("{FAE04EC0-301F-11D3-BF4B-00C04F79EFBC}") = "Promart", "Promart\Promart.csproj", "{121715CE-B45D-47D4-80CE-5CC900A630F9}"
EndProject
Global
	GlobalSection(SolutionConfigurationPlatforms) = preSolution
		Debug|Any CPU = Debug|Any CPU
		Release|Any CPU = Release|Any CPU
	EndGlobalSection
	GlobalSection(ProjectConfigurationPlatforms) = postSolution
		{121715CE-B45D-47D4-80CE-5CC900A630F9}.Debug|Any CPU.ActiveCfg = Debug|Any CPU
		{121715CE-B45D-47D4-80CE-5CC900A630F9}.Debug|Any CPU.Build.0 = Debug|Any CPU
		{121715CE-B45D-47D4-80CE-5CC900A630F9}.Release|Any CPU.ActiveCfg = Release|Any CPU
		{121715CE-B45D-47D4-80CE-5CC900A630F9}.Release|Any CPU.Build.0 = Release|Any CPU
	EndGlobalSection
	GlobalSection(SolutionProperties) = preSolution
		HideSolutionNode = FALSE
	EndGlobalSection
	GlobalSection(ExtensibilityGlobals) = postSolution
		SolutionGuid = {B6CD23B3-FA55-4E55-AF79-9E6C4E5466B8}
	EndGlobalSection
EndGlobal
